
Microsoft Visual Studio Solution File, Format Version 12.00
# Visual Studio 15
VisualStudioVersion = 15.0.26730.12
MinimumVisualStudioVersion = 10.0.40219.1
Project("{9A19103F-16F7-4668-BE54-9A1E7A4F7556}") = "DSC.WebApi", "DSC.WebApi\DSC.WebApi.csproj", "{C3683150-5CBB-4B43-ABC1-0D1081EA5AA0}"
EndProject
Project("{9A19103F-16F7-4668-BE54-9A1E7A4F7556}") = "DSC.WebApi.Test", "DSC.WebApi.Test\DSC.WebApi.Test.csproj", "{1A1959FE-E272-4E83-AF80-39BB533802A0}"
EndProject
Project("{FAE04EC0-301F-11D3-BF4B-00C04F79EFBC}") = "DSC.Database", "DSC.Database\DSC.Database.csproj", "{FD11E5F0-D9D0-479D-A146-038AEA9F94B8}"
EndProject
Global
	GlobalSection(SolutionConfigurationPlatforms) = preSolution
		Debug|Any CPU = Debug|Any CPU
		Release|Any CPU = Release|Any CPU
	EndGlobalSection
	GlobalSection(ProjectConfigurationPlatforms) = postSolution
		{C3683150-5CBB-4B43-ABC1-0D1081EA5AA0}.Debug|Any CPU.ActiveCfg = Debug|Any CPU
		{C3683150-5CBB-4B43-ABC1-0D1081EA5AA0}.Debug|Any CPU.Build.0 = Debug|Any CPU
		{C3683150-5CBB-4B43-ABC1-0D1081EA5AA0}.Release|Any CPU.ActiveCfg = Release|Any CPU
		{C3683150-5CBB-4B43-ABC1-0D1081EA5AA0}.Release|Any CPU.Build.0 = Release|Any CPU
		{1A1959FE-E272-4E83-AF80-39BB533802A0}.Debug|Any CPU.ActiveCfg = Debug|Any CPU
		{1A1959FE-E272-4E83-AF80-39BB533802A0}.Debug|Any CPU.Build.0 = Debug|Any CPU
		{1A1959FE-E272-4E83-AF80-39BB533802A0}.Release|Any CPU.ActiveCfg = Release|Any CPU
		{1A1959FE-E272-4E83-AF80-39BB533802A0}.Release|Any CPU.Build.0 = Release|Any CPU
		{FD11E5F0-D9D0-479D-A146-038AEA9F94B8}.Debug|Any CPU.ActiveCfg = Debug|Any CPU
		{FD11E5F0-D9D0-479D-A146-038AEA9F94B8}.Debug|Any CPU.Build.0 = Debug|Any CPU
		{FD11E5F0-D9D0-479D-A146-038AEA9F94B8}.Release|Any CPU.ActiveCfg = Release|Any CPU
		{FD11E5F0-D9D0-479D-A146-038AEA9F94B8}.Release|Any CPU.Build.0 = Release|Any CPU
	EndGlobalSection
	GlobalSection(SolutionProperties) = preSolution
		HideSolutionNode = FALSE
	EndGlobalSection
	GlobalSection(ExtensibilityGlobals) = postSolution
		SolutionGuid = {58C10603-1E32-497E-86F4-C8BB4EF00CED}
	EndGlobalSection
EndGlobal
